
Microsoft Visual Studio Solution File, Format Version 12.00
# Visual Studio Version 16
VisualStudioVersion = 16.0.30114.105
MinimumVisualStudioVersion = 10.0.40219.1
Project("{FAE04EC0-301F-11D3-BF4B-00C04F79EFBC}") = "Assignment 1", "Assignment 1\Assignment 1.csproj", "{3CED506A-4D71-4D9B-93E5-CA77F01A8C8D}"
EndProject
Global
	GlobalSection(SolutionConfigurationPlatforms) = preSolution
		Debug|Any CPU = Debug|Any CPU
		Release|Any CPU = Release|Any CPU
	EndGlobalSection
	GlobalSection(ProjectConfigurationPlatforms) = postSolution
		{3CED506A-4D71-4D9B-93E5-CA77F01A8C8D}.Debug|Any CPU.ActiveCfg = Debug|Any CPU
		{3CED506A-4D71-4D9B-93E5-CA77F01A8C8D}.Debug|Any CPU.Build.0 = Debug|Any CPU
		{3CED506A-4D71-4D9B-93E5-CA77F01A8C8D}.Release|Any CPU.ActiveCfg = Release|Any CPU
		{3CED506A-4D71-4D9B-93E5-CA77F01A8C8D}.Release|Any CPU.Build.0 = Release|Any CPU
	EndGlobalSection
	GlobalSection(SolutionProperties) = preSolution
		HideSolutionNode = FALSE
	EndGlobalSection
	GlobalSection(ExtensibilityGlobals) = postSolution
		SolutionGuid = {4326A3F7-7629-44BF-996D-98E8DBE39CE9}
	EndGlobalSection
EndGlobal
